github.com/actgardner/gogen-avro/v10 v10.2.1 h1:z3pOGblRjAJCYpkIJ8CmbMJdksi4rAhaygw0dyXZ930=
github.com/actgardner/gogen-avro/v10 v10.2.1/go.mod h1:QUhjeHPchheYmMDni/Nx7VB0RsT/ee8YIgGY/xpEQgQ=
github.com/davecgh/go-spew v1.1.1 h1:vj9j/u1bqnvCEfJOwUhtlOARqs3+rkHYY13jYWTU97c=
github.com/pmezard/go-difflib v1.0.0 h1:4DBwDE0NGyQoBHbLQYPwSUPoCMWR5BEzIk/f1lZbAQM=
github.com/stretchr/testify v1.9.0 h1:HtqpIVDClZ4nwg75+f6Lvsy/wHu+3BoSGCbBAcpTsTg=
github.com/stretchr/testify v1.9.0/go.mod h1:r2ic/lqez/lEtzL7wO/rwa5dbSLXVDPFyf8C91i36aY=
gopkg.in/yaml.v3 v3.0.1 h1:fxVm/GzAzEWqLHuvctI91KS9hhNmmWOoWu0XTYJS7CA=
