github.com/klauspost/compress v1.15.4/go.mod h1:PhcZ0MbTNciWF3rruxRgKxI5NkcHHrHUDtV4Yw2GlzU=
github.com/pierrec/lz4/v4 v4.1.14/go.mod h1:gZWDp/Ze/IJXGXf23ltt2EXimqmTUXEy0GFuRQyBid4=
github.com/twmb/franz-go v1.6.0 h1:yri7YsVBe/k1LKcoZSLILgUI3U14e82qtD9i4VOcs9c=
github.com/twmb/franz-go v1.6.0/go.mod h1:xdMwpUIQL/JDKKwerc5qJQG8TU1SNIddfjKJJyqRJIg=
github.com/twmb/franz-go/pkg/kmsg v1.1.0 h1:csckTxG48q7Tem7ZwMxe2jAb0ehDNglxZccGnpqe4RU=
github.com/twmb/franz-go/pkg/kmsg v1.1.0/go.mod h1:SxG/xJKhgPu25SamAq0rrucfp7lbzCpEXOC+vH/ELrY=
github.com/twmb/franz-go/pkg/kmsg v1.1.1-0.20220727195429-954ab1c15da1 h1:2mQP5DUgCXFbLGmUDPCX61rflseMUx/YDgCLrGGbbos=
github.com/twmb/franz-go/pkg/kmsg v1.1.1-0.20220727195429-954ab1c15da1/go.mod h1:SxG/xJKhgPu25SamAq0rrucfp7lbzCpEXOC+vH/ELrY=
golang.org/x/crypto v0.0.0-20220518034528-6f7dac969898/go.mod h1:IxCIyHEi3zRg3s0A5j5BB6A9Jmi73HwBIUl50j+osU4=
golang.org/x/net v0.0.0-20211112202133-69e39bad7dc2/go.mod h1:9nx3DQGgdP8bBQD5qxJ1jj9UTztislL4KSBs9R2vV5Y=
golang.org/x/sys v0.0.0-20201119102817-f84b799fce68/go.mod h1:h1NjWce9XRLGQEsW7wpKNCjG9DtNlClVuFLEZdDNbEs=
golang.org/x/sys v0.0.0-20210423082822-04245dca01da/go.mod h1:h1NjWce9XRLGQEsW7wpKNCjG9DtNlClVuFLEZdDNbEs=
golang.org/x/sys v0.0.0-20210615035016-665e8c7367d1/go.mod h1:oPkhp1MJrh7nUepCBck5+mAzfO9JrbApNNgaTdGDITg=
golang.org/x/term v0.0.0-20201126162022-7de9c90e9dd1/go.mod h1:bj7SfCRtBDWHUb9snDiAeCFNEtKQo2Wmx5Cou7ajbmo=
golang.org/x/text v0.3.6/go.mod h1:5Zoc/QRtKVWzQhOtBMvqHzDpF6irO9z98xDceosuGiQ=
golang.org/x/tools v0.0.0-20180917221912-90fa682c2a6e/go.mod h1:n7NCudcB/nEzxVGmLbDWY5pfWTLqBcC2KZ6jyYvM4mQ=
